
Microsoft Visual Studio Solution File, Format Version 12.00
# Visual Studio 2013
VisualStudioVersion = 12.0.31101.0
MinimumVisualStudioVersion = 10.0.40219.1
Project("{8BC9CEB8-8B4A-11D0-8D11-00A0C91BC942}") = "ChatheadsNativePOCDX", "ChatheadsNativePOCDX.vcxproj", "{AF92DCC6-9B21-6690-4440-7A8B30AE7636}"
	ProjectSection(ProjectDependencies) = postProject
		{2532CC50-1876-46B3-A22F-8CDAAAFB232B} = {2532CC50-1876-46B3-A22F-8CDAAAFB232B}
	EndProjectSection
EndProject
Project("{8BC9CEB8-8B4A-11D0-8D11-00A0C91BC942}") = "CPUTDX", "..\CPUT\CPUTDX.vcxproj", "{DD5900AA-C9FB-2A80-B2B6-3ED49EF7B1D0}"
EndProject
Project("{8BC9CEB8-8B4A-11D0-8D11-00A0C91BC942}") = "VideoStreaming", "..\VideoStreaming\VideoStreaming.vcxproj", "{E47F2A7D-FC9A-4C52-ABF3-06B154B1303D}"
EndProject
Project("{8BC9CEB8-8B4A-11D0-8D11-00A0C91BC942}") = "Imgui", "..\Imgui\Imgui.vcxproj", "{2532CC50-1876-46B3-A22F-8CDAAAFB232B}"
EndProject
Global
	GlobalSection(SolutionConfigurationPlatforms) = preSolution
		Debug|Win32 = Debug|Win32
		Debug|x64 = Debug|x64
		Release|Win32 = Release|Win32
		Release|x64 = Release|x64
	EndGlobalSection
	GlobalSection(ProjectConfigurationPlatforms) = postSolution
		{AF92DCC6-9B21-6690-4440-7A8B30AE7636}.Debug|Win32.ActiveCfg = Debug|Win32
		{AF92DCC6-9B21-6690-4440-7A8B30AE7636}.Debug|Win32.Build.0 = Debug|Win32
		{AF92DCC6-9B21-6690-4440-7A8B30AE7636}.Debug|x64.ActiveCfg = Debug|x64
		{AF92DCC6-9B21-6690-4440-7A8B30AE7636}.Debug|x64.Build.0 = Debug|x64
		{AF92DCC6-9B21-6690-4440-7A8B30AE7636}.Release|Win32.ActiveCfg = Release|Win32
		{AF92DCC6-9B21-6690-4440-7A8B30AE7636}.Release|Win32.Build.0 = Release|Win32
		{AF92DCC6-9B21-6690-4440-7A8B30AE7636}.Release|x64.ActiveCfg = Release|x64
		{AF92DCC6-9B21-6690-4440-7A8B30AE7636}.Release|x64.Build.0 = Release|x64
		{DD5900AA-C9FB-2A80-B2B6-3ED49EF7B1D0}.Debug|Win32.ActiveCfg = Debug|Win32
		{DD5900AA-C9FB-2A80-B2B6-3ED49EF7B1D0}.Debug|Win32.Build.0 = Debug|Win32
		{DD5900AA-C9FB-2A80-B2B6-3ED49EF7B1D0}.Debug|x64.ActiveCfg = Debug|x64
		{DD5900AA-C9FB-2A80-B2B6-3ED49EF7B1D0}.Debug|x64.Build.0 = Debug|x64
		{DD5900AA-C9FB-2A80-B2B6-3ED49EF7B1D0}.Release|Win32.ActiveCfg = Release|Win32
		{DD5900AA-C9FB-2A80-B2B6-3ED49EF7B1D0}.Release|Win32.Build.0 = Release|Win32
		{DD5900AA-C9FB-2A80-B2B6-3ED49EF7B1D0}.Release|x64.ActiveCfg = Release|x64
		{DD5900AA-C9FB-2A80-B2B6-3ED49EF7B1D0}.Release|x64.Build.0 = Release|x64
		{E47F2A7D-FC9A-4C52-ABF3-06B154B1303D}.Debug|Win32.ActiveCfg = Debug|Win32
		{E47F2A7D-FC9A-4C52-ABF3-06B154B1303D}.Debug|Win32.Build.0 = Debug|Win32
		{E47F2A7D-FC9A-4C52-ABF3-06B154B1303D}.Debug|x64.ActiveCfg = Debug|x64
		{E47F2A7D-FC9A-4C52-ABF3-06B154B1303D}.Debug|x64.Build.0 = Debug|x64
		{E47F2A7D-FC9A-4C52-ABF3-06B154B1303D}.Release|Win32.ActiveCfg = Release|Win32
		{E47F2A7D-FC9A-4C52-ABF3-06B154B1303D}.Release|Win32.Build.0 = Release|Win32
		{E47F2A7D-FC9A-4C52-ABF3-06B154B1303D}.Release|x64.ActiveCfg = Release|x64
		{E47F2A7D-FC9A-4C52-ABF3-06B154B1303D}.Release|x64.Build.0 = Release|x64
		{2532CC50-1876-46B3-A22F-8CDAAAFB232B}.Debug|Win32.ActiveCfg = Debug|Win32
		{2532CC50-1876-46B3-A22F-8CDAAAFB232B}.Debug|Win32.Build.0 = Debug|Win32
		{2532CC50-1876-46B3-A22F-8CDAAAFB232B}.Debug|x64.ActiveCfg = Debug|x64
		{2532CC50-1876-46B3-A22F-8CDAAAFB232B}.Debug|x64.Build.0 = Debug|x64
		{2532CC50-1876-46B3-A22F-8CDAAAFB232B}.Release|Win32.ActiveCfg = Release|Win32
		{2532CC50-1876-46B3-A22F-8CDAAAFB232B}.Release|Win32.Build.0 = Release|Win32
		{2532CC50-1876-46B3-A22F-8CDAAAFB232B}.Release|x64.ActiveCfg = Release|x64
		{2532CC50-1876-46B3-A22F-8CDAAAFB232B}.Release|x64.Build.0 = Release|x64
	EndGlobalSection
	GlobalSection(SolutionProperties) = preSolution
		HideSolutionNode = FALSE
	EndGlobalSection
EndGlobal
